
Microsoft Visual Studio Solution File, Format Version 12.00
# Visual Studio Version 17
VisualStudioVersion = 17.5.002.0
MinimumVisualStudioVersion = 10.0.40219.1
Project("{9A19103F-16F7-4668-BE54-9A1E7A4F7556}") = "agent", "agent\agent.csproj", "{A89258A8-EB72-495D-BAEF-3903143CC60F}"
EndProject
Project("{9A19103F-16F7-4668-BE54-9A1E7A4F7556}") = "run", "run\run.csproj", "{E877DDE2-207E-4FD4-B4E2-28B3501589BA}"
EndProject
Global
	GlobalSection(SolutionConfigurationPlatforms) = preSolution
		Debug|Any CPU = Debug|Any CPU
		Release|Any CPU = Release|Any CPU
	EndGlobalSection
	GlobalSection(ProjectConfigurationPlatforms) = postSolution
		{A89258A8-EB72-495D-BAEF-3903143CC60F}.Debug|Any CPU.ActiveCfg = Debug|Any CPU
		{A89258A8-EB72-495D-BAEF-3903143CC60F}.Debug|Any CPU.Build.0 = Debug|Any CPU
		{A89258A8-EB72-495D-BAEF-3903143CC60F}.Release|Any CPU.ActiveCfg = Release|Any CPU
		{A89258A8-EB72-495D-BAEF-3903143CC60F}.Release|Any CPU.Build.0 = Release|Any CPU
		{E877DDE2-207E-4FD4-B4E2-28B3501589BA}.Debug|Any CPU.ActiveCfg = Debug|Any CPU
		{E877DDE2-207E-4FD4-B4E2-28B3501589BA}.Debug|Any CPU.Build.0 = Debug|Any CPU
		{E877DDE2-207E-4FD4-B4E2-28B3501589BA}.Release|Any CPU.ActiveCfg = Release|Any CPU
		{E877DDE2-207E-4FD4-B4E2-28B3501589BA}.Release|Any CPU.Build.0 = Release|Any CPU
	EndGlobalSection
	GlobalSection(SolutionProperties) = preSolution
		HideSolutionNode = FALSE
	EndGlobalSection
	GlobalSection(ExtensibilityGlobals) = postSolution
		SolutionGuid = {528D9723-76F2-419C-9CD7-7500F261018C}
	EndGlobalSection
EndGlobal
